
Microsoft Visual Studio Solution File, Format Version 12.00
# Visual Studio Version 17
VisualStudioVersion = 17.14.36203.30 d17.14
MinimumVisualStudioVersion = 10.0.40219.1
Project("{FAE04EC0-301F-11D3-BF4B-00C04F79EFBC}") = "Zachet", "Zachet\Zachet.csproj", "{490F1A76-031D-4A2B-824F-B72AA1B49F66}"
EndProject
Global
	GlobalSection(SolutionConfigurationPlatforms) = preSolution
		Debug|Any CPU = Debug|Any CPU
		Release|Any CPU = Release|Any CPU
	EndGlobalSection
	GlobalSection(ProjectConfigurationPlatforms) = postSolution
		{490F1A76-031D-4A2B-824F-B72AA1B49F66}.Debug|Any CPU.ActiveCfg = Debug|Any CPU
		{490F1A76-031D-4A2B-824F-B72AA1B49F66}.Debug|Any CPU.Build.0 = Debug|Any CPU
		{490F1A76-031D-4A2B-824F-B72AA1B49F66}.Release|Any CPU.ActiveCfg = Release|Any CPU
		{490F1A76-031D-4A2B-824F-B72AA1B49F66}.Release|Any CPU.Build.0 = Release|Any CPU
	EndGlobalSection
	GlobalSection(SolutionProperties) = preSolution
		HideSolutionNode = FALSE
	EndGlobalSection
	GlobalSection(ExtensibilityGlobals) = postSolution
		SolutionGuid = {24CC861A-8448-4543-A2C0-C3BEF85BFC5B}
	EndGlobalSection
EndGlobal
